{
    "_meta": {
        "hash": {
            "sha256": "7e1c9e79c49e2a9b2696c7fdf49c0082f0d7ac5d8947453d6530426d08cce2ca"
        },
        "pipfile-spec": 6,
        "requires": {
            "python_version": "3.7"
        },
        "sources": [
            {
                "name": "pypi",
                "url": "https://pypi.org/simple",
                "verify_ssl": true
            }
        ]
    },
    "default": {
        "cached-property": {
            "hashes": [
                "sha256:9fa5755838eecbb2d234c3aa390bd80fbd3ac6b6869109bfc1b499f7bd89a130",
                "sha256:df4f613cf7ad9a588cc381aaf4a512d26265ecebd5eb9e1ba12f1319eb85a6a0"
            ],
            "version": "==1.5.2"
        },
        "haralyzer": {
            "hashes": [
                "sha256:d93699851ae809229c4f967d11d046c1cabde9ed9ca85dcf1c3153ec719b539b",
                "sha256:ec977596f3c43ea740be5c90e4c96d449e123856cdba703285faf44790240edd"
            ],
            "index": "pypi",
            "version": "==2.0.0"
        },
        "names-dataset": {
            "hashes": [
                "sha256:0d62f7614930eef4904a51713c9aea409049a40ed90fabfdc4ad46399d1efb3d"
            ],
            "index": "pypi",
            "version": "==3.0.2"
        },
        "pycountry": {
            "hashes": [
                "sha256:b9a6d9cdbf53f81ccdf73f6f5de01b0d8493cab2213a230af3e34458de85ea32"
            ],
            "markers": "python_version >= '3.5' and python_version < '4'",
            "version": "==22.1.10"
        },
        "python-dateutil": {
            "hashes": [
                "sha256:0123cacc1627ae19ddf3c27a5de5bd67ee4586fbdd6440d9748f8abb483d3e86",
                "sha256:961d03dc3453ebbc59dbdea9e4e11c5651520a876d0f4db161e8674aae935da9"
            ],
            "markers": "python_version >= '2.7' and python_version not in '3.0, 3.1, 3.2, 3.3'",
            "version": "==2.8.2"
        },
        "six": {
            "hashes": [
                "sha256:1e61c37477a1626458e36f7b1d82aa5c9b094fa4802892072e49de9c60c4c926",
                "sha256:8abb2f1d86890a2dfb989f9a77cfcfd3e47c2a354b01111771326f8aa26e0254"
            ],
            "markers": "python_version >= '2.7' and python_version not in '3.0, 3.1, 3.2, 3.3'",
            "version": "==1.16.0"
        },
        "unidecode": {
            "hashes": [
                "sha256:215fe33c9d1c889fa823ccb66df91b02524eb8cc8c9c80f9c5b8129754d27829",
                "sha256:669898c1528912bcf07f9819dc60df18d057f7528271e31f8ec28cc88ef27504"
            ],
            "index": "pypi",
            "version": "==1.3.2"
        }
    },
    "develop": {}
}
